
Microsoft Visual Studio Solution File, Format Version 12.00
# Visual Studio 2013
VisualStudioVersion = 12.0.31101.0
MinimumVisualStudioVersion = 10.0.40219.1
Project("{FAE04EC0-301F-11D3-BF4B-00C04F79EFBC}") = "Basho.Logging", "Basho.Logging.csproj", "{5E8EB967-7CD8-43D0-8A56-758B13F1D631}"
EndProject
Project("{FAE04EC0-301F-11D3-BF4B-00C04F79EFBC}") = "Basho.Logging.Tests", "..\Basho.Logging.Tests\Basho.Logging.Tests.csproj", "{20C61122-F68D-418A-9D5F-6216556EAAB8}"
EndProject
Global
	GlobalSection(SolutionConfigurationPlatforms) = preSolution
		Debug|Any CPU = Debug|Any CPU
		Release|Any CPU = Release|Any CPU
	EndGlobalSection
	GlobalSection(ProjectConfigurationPlatforms) = postSolution
		{5E8EB967-7CD8-43D0-8A56-758B13F1D631}.Debug|Any CPU.ActiveCfg = Debug|Any CPU
		{5E8EB967-7CD8-43D0-8A56-758B13F1D631}.Debug|Any CPU.Build.0 = Debug|Any CPU
		{5E8EB967-7CD8-43D0-8A56-758B13F1D631}.Release|Any CPU.ActiveCfg = Release|Any CPU
		{5E8EB967-7CD8-43D0-8A56-758B13F1D631}.Release|Any CPU.Build.0 = Release|Any CPU
		{20C61122-F68D-418A-9D5F-6216556EAAB8}.Debug|Any CPU.ActiveCfg = Debug|Any CPU
		{20C61122-F68D-418A-9D5F-6216556EAAB8}.Debug|Any CPU.Build.0 = Debug|Any CPU
		{20C61122-F68D-418A-9D5F-6216556EAAB8}.Release|Any CPU.ActiveCfg = Release|Any CPU
		{20C61122-F68D-418A-9D5F-6216556EAAB8}.Release|Any CPU.Build.0 = Release|Any CPU
	EndGlobalSection
	GlobalSection(SolutionProperties) = preSolution
		HideSolutionNode = FALSE
	EndGlobalSection
EndGlobal
